
Microsoft Visual Studio Solution File, Format Version 12.00
# Visual Studio Version 17
VisualStudioVersion = 17.1.32421.90
MinimumVisualStudioVersion = 10.0.40219.1
Project("{2150E333-8FDC-42A3-9474-1A3956D46DE8}") = "Website", "Website", "{21DDA622-E15D-4333-AE3A-DE0971C7A195}"
EndProject
Project("{9A19103F-16F7-4668-BE54-9A1E7A4F7556}") = "AvaRent", "ReactWebsiteDay1\AvaRent.csproj", "{708F3BA5-B52F-47B6-A8C7-06FB6A79578F}"
EndProject
Global
	GlobalSection(SolutionConfigurationPlatforms) = preSolution
		Debug|Any CPU = Debug|Any CPU
		Release|Any CPU = Release|Any CPU
	EndGlobalSection
	GlobalSection(ProjectConfigurationPlatforms) = postSolution
		{708F3BA5-B52F-47B6-A8C7-06FB6A79578F}.Debug|Any CPU.ActiveCfg = Debug|Any CPU
		{708F3BA5-B52F-47B6-A8C7-06FB6A79578F}.Debug|Any CPU.Build.0 = Debug|Any CPU
		{708F3BA5-B52F-47B6-A8C7-06FB6A79578F}.Release|Any CPU.ActiveCfg = Release|Any CPU
		{708F3BA5-B52F-47B6-A8C7-06FB6A79578F}.Release|Any CPU.Build.0 = Release|Any CPU
	EndGlobalSection
	GlobalSection(SolutionProperties) = preSolution
		HideSolutionNode = FALSE
	EndGlobalSection
	GlobalSection(NestedProjects) = preSolution
		{708F3BA5-B52F-47B6-A8C7-06FB6A79578F} = {21DDA622-E15D-4333-AE3A-DE0971C7A195}
	EndGlobalSection
	GlobalSection(ExtensibilityGlobals) = postSolution
		SolutionGuid = {D9876925-6079-4A5F-A0BF-585AAE8CF883}
	EndGlobalSection
EndGlobal
